schema: '2.0'
stages:
  preprocess:
    cmd: python pipeline/preprocess.py
    deps:
    - path: data/raw/Digital_Payment_Fraud_Detection_Dataset.csv
      hash: md5
      md5: 5e63533cd08a391e9f0d017fb3a6dac4
      size: 597611
    - path: pipeline/preprocess.py
      hash: md5
      md5: aab17fc1326504a3df67f769859ef02c
      size: 1027
    - path: src/preprocessor.py
      hash: md5
      md5: f0c403cbd5ccb6c72437332f7a4189ee
      size: 5293
    params:
      params.yaml:
        data.drop_columns:
        - transaction_id
        - user_id
        data.target_column: fraud_label
        train.random_state: 42
        train.test_size: 0.2
    outs:
    - path: data/processed/X_test.npz
      hash: md5
      md5: f3ea30ab950d1a415f58505944ac243e
      size: 57380
    - path: data/processed/X_train.npz
      hash: md5
      md5: 53caa4534b27ca797bb6989ee801dcf3
      size: 223133
    - path: data/processed/preprocessor.joblib
      hash: md5
      md5: fb710390f6f8a37cbc28785cc7bc9a4a
      size: 4748
    - path: data/processed/y_test.npy
      hash: md5
      md5: cce63d929fe0f3d7cc2ea94691d32431
      size: 12128
    - path: data/processed/y_train.npy
      hash: md5
      md5: f829bbb542c8243fb45be221360c1cc6
      size: 48128
  train:
    cmd: python pipeline/train.py
    deps:
    - path: data/processed/X_test.npz
      hash: md5
      md5: f3ea30ab950d1a415f58505944ac243e
      size: 57380
    - path: data/processed/X_train.npz
      hash: md5
      md5: 53caa4534b27ca797bb6989ee801dcf3
      size: 223133
    - path: data/processed/y_test.npy
      hash: md5
      md5: cce63d929fe0f3d7cc2ea94691d32431
      size: 12128
    - path: data/processed/y_train.npy
      hash: md5
      md5: f829bbb542c8243fb45be221360c1cc6
      size: 48128
    - path: pipeline/train.py
      hash: md5
      md5: f39de8d01500bfeafb05552516556de9
      size: 1408
    - path: src/model_trainer.py
      hash: md5
      md5: f670ac259da389367023b3d79c79fae7
      size: 3314
    params:
      params.yaml:
        random_forest:
          n_estimators: 450
          min_samples_leaf: 2
        train.random_state: 42
        train.threshold: 0.08
        xgboost:
          n_estimators: 500
          max_depth: 6
          learning_rate: 0.03
          subsample: 0.8
          colsample_bytree: 0.8
    outs:
    - path: metrics/scores.json
      hash: md5
      md5: a2705b83ba5b783b3566888143f23daa
      size: 183
    - path: models/random_forest.joblib
      hash: md5
      md5: c7e5c61fbd53b4f611264910d5ff712e
      size: 35137161
    - path: models/xgboost.joblib
      hash: md5
      md5: 5a6acb25415e32144b1e60ea2937fba0
      size: 1520357
