schema: '2.0'
stages:
  preprocess:
    cmd: python pipeline/preprocess.py
    deps:
    - path: data/raw/Digital_Payment_Fraud_Detection_Dataset.csv
      hash: md5
      md5: 9fe91c97f917ac0247657915a09f1f27
      size: 605112
    - path: pipeline/preprocess.py
      hash: md5
      md5: 2dc7bb2b807925203118e2c7633a3ac7
      size: 1060
    - path: src/preprocessor.py
      hash: md5
      md5: a3c09ebfe9cb43119c856832c9a9e1e8
      size: 5411
    params:
      params.yaml:
        data.drop_columns:
        - transaction_id
        - user_id
        data.target_column: fraud_label
        train.random_state: 42
        train.test_size: 0.2
    outs:
    - path: data/processed/X_test.npz
      hash: md5
      md5: b46ad233e11c602ec6955bd298c9059f
      size: 57031
    - path: data/processed/X_train.npz
      hash: md5
      md5: 283726195363b171f55506ceb9efc249
      size: 222691
    - path: data/processed/preprocessor.joblib
      hash: md5
      md5: 2d0915925c83085f30cc6c4ead095d5a
      size: 4748
    - path: data/processed/y_test.npy
      hash: md5
      md5: cce63d929fe0f3d7cc2ea94691d32431
      size: 12128
    - path: data/processed/y_train.npy
      hash: md5
      md5: f829bbb542c8243fb45be221360c1cc6
      size: 48128
  train:
    cmd: python pipeline/train.py
    deps:
    - path: data/processed/X_test.npz
      hash: md5
      md5: b46ad233e11c602ec6955bd298c9059f
      size: 57031
    - path: data/processed/X_train.npz
      hash: md5
      md5: 283726195363b171f55506ceb9efc249
      size: 222691
    - path: data/processed/y_test.npy
      hash: md5
      md5: cce63d929fe0f3d7cc2ea94691d32431
      size: 12128
    - path: data/processed/y_train.npy
      hash: md5
      md5: f829bbb542c8243fb45be221360c1cc6
      size: 48128
    - path: pipeline/train.py
      hash: md5
      md5: 3df418a901c31f7ed4eef962a4ecebb8
      size: 1453
    - path: src/model_trainer.py
      hash: md5
      md5: 0c206531c396c970c6cfedf6328f3b0a
      size: 3398
    params:
      params.yaml:
        random_forest:
          n_estimators: 400
          min_samples_leaf: 2
        train.random_state: 42
        train.threshold: 0.0753
        xgboost:
          n_estimators: 500
          max_depth: 5
          learning_rate: 0.03
          subsample: 0.8
          colsample_bytree: 0.8
    outs:
    - path: metrics/scores.json
      hash: md5
      md5: c2c391676db3af9eb3d07d863593d175
      size: 194
    - path: models/random_forest.joblib
      hash: md5
      md5: 17a9149a10b836ccb4ad3439fddf9e5d
      size: 31215529
    - path: models/xgboost.joblib
      hash: md5
      md5: 3de0ff11dc113a96f0fec1cb10245dbb
      size: 1083231
